// !$*UTF8*$!
{
	archiveVersion = 1;
	classes = {
	};
	objectVersion = 50;
	objects = {

/* Begin PBXBuildFile section */
		7BDBF7DC24843F1E00542F86 /* AppDelegate.swift in Sources */ = {isa = PBXBuildFile; fileRef = 7BDBF7DB24843F1E00542F86 /* AppDelegate.swift */; };
		7BDBF7DE24843F1E00542F86 /* SceneDelegate.swift in Sources */ = {isa = PBXBuildFile; fileRef = 7BDBF7DD24843F1E00542F86 /* SceneDelegate.swift */; };
		7BDBF7E124843F1E00542F86 /* StackOverflowAnswer.xcdatamodeld in Sources */ = {isa = PBXBuildFile; fileRef = 7BDBF7DF24843F1E00542F86 /* StackOverflowAnswer.xcdatamodeld */; };
		7BDBF7E324843F1E00542F86 /* ContentView.swift in Sources */ = {isa = PBXBuildFile; fileRef = 7BDBF7E224843F1E00542F86 /* ContentView.swift */; };
		7BDBF7E524843F2100542F86 /* Assets.xcassets in Resources */ = {isa = PBXBuildFile; fileRef = 7BDBF7E424843F2100542F86 /* Assets.xcassets */; };
		7BDBF7E824843F2100542F86 /* Preview Assets.xcassets in Resources */ = {isa = PBXBuildFile; fileRef = 7BDBF7E724843F2100542F86 /* Preview Assets.xcassets */; };
		7BDBF7EB24843F2100542F86 /* LaunchScreen.storyboard in Resources */ = {isa = PBXBuildFile; fileRef = 7BDBF7E924843F2100542F86 /* LaunchScreen.storyboard */; };
		7BDBF7F32484FB0500542F86 /* ViewController.swift in Sources */ = {isa = PBXBuildFile; fileRef = 7BDBF7F22484FB0500542F86 /* ViewController.swift */; };
/* End PBXBuildFile section */

/* Begin PBXFileReference section */
		7BDBF7D824843F1E00542F86 /* StackOverflowAnswer.app */ = {isa = PBXFileReference; explicitFileType = wrapper.application; includeInIndex = 0; path = StackOverflowAnswer.app; sourceTree = BUILT_PRODUCTS_DIR; };
		7BDBF7DB24843F1E00542F86 /* AppDelegate.swift */ = {isa = PBXFileReference; lastKnownFileType = sourcecode.swift; path = AppDelegate.swift; sourceTree = "<group>"; };
		7BDBF7DD24843F1E00542F86 /* SceneDelegate.swift */ = {isa = PBXFileReference; lastKnownFileType = sourcecode.swift; path = SceneDelegate.swift; sourceTree = "<group>"; };
		7BDBF7E024843F1E00542F86 /* StackOverflowAnswer.xcdatamodel */ = {isa = PBXFileReference; lastKnownFileType = wrapper.xcdatamodel; path = StackOverflowAnswer.xcdatamodel; sourceTree = "<group>"; };
		7BDBF7E224843F1E00542F86 /* ContentView.swift */ = {isa = PBXFileReference; lastKnownFileType = sourcecode.swift; path = ContentView.swift; sourceTree = "<group>"; };
		7BDBF7E424843F2100542F86 /* Assets.xcassets */ = {isa = PBXFileReference; lastKnownFileType = folder.assetcatalog; path = Assets.xcassets; sourceTree = "<group>"; };
		7BDBF7E724843F2100542F86 /* Preview Assets.xcassets */ = {isa = PBXFileReference; lastKnownFileType = folder.assetcatalog; path = "Preview Assets.xcassets"; sourceTree = "<group>"; };
		7BDBF7EA24843F2100542F86 /* Base */ = {isa = PBXFileReference; lastKnownFileType = file.storyboard; name = Base; path = Base.lproj/LaunchScreen.storyboard; sourceTree = "<group>"; };
		7BDBF7EC24843F2100542F86 /* Info.plist */ = {isa = PBXFileReference; lastKnownFileType = text.plist.xml; path = Info.plist; sourceTree = "<group>"; };
		7BDBF7F22484FB0500542F86 /* ViewController.swift */ = {isa = PBXFileReference; lastKnownFileType = sourcecode.swift; path = ViewController.swift; sourceTree = SOURCE_ROOT; };
/* End PBXFileReference section */

/* Begin PBXFrameworksBuildPhase section */
		7BDBF7D524843F1E00542F86 /* Frameworks */ = {
			isa = PBXFrameworksBuildPhase;
			buildActionMask = 2147483647;
			files = (
			);
			runOnlyForDeploymentPostprocessing = 0;
		};
/* End PBXFrameworksBuildPhase section */

/* Begin PBXGroup section */
		7BDBF7CF24843F1E00542F86 = {
			isa = PBXGroup;
			children = (
				7BDBF7DA24843F1E00542F86 /* StackOverflowAnswer */,
				7BDBF7D924843F1E00542F86 /* Products */,
			);
			sourceTree = "<group>";
		};
		7BDBF7D924843F1E00542F86 /* Products */ = {
			isa = PBXGroup;
			children = (
				7BDBF7D824843F1E00542F86 /* StackOverflowAnswer.app */,
			);
			name = Products;
			sourceTree = "<group>";
		};
		7BDBF7DA24843F1E00542F86 /* StackOverflowAnswer */ = {
			isa = PBXGroup;
			children = (
				7BDBF7F22484FB0500542F86 /* ViewController.swift */,
				7BDBF7DB24843F1E00542F86 /* AppDelegate.swift */,
				7BDBF7DD24843F1E00542F86 /* SceneDelegate.swift */,
				7BDBF7E224843F1E00542F86 /* ContentView.swift */,
				7BDBF7E424843F2100542F86 /* Assets.xcassets */,
				7BDBF7E924843F2100542F86 /* LaunchScreen.storyboard */,
				7BDBF7EC24843F2100542F86 /* Info.plist */,
				7BDBF7DF24843F1E00542F86 /* StackOverflowAnswer.xcdatamodeld */,
				7BDBF7E624843F2100542F86 /* Preview Content */,
			);
			path = StackOverflowAnswer;
			sourceTree = "<group>";
		};
		7BDBF7E624843F2100542F86 /* Preview Content */ = {
			isa = PBXGroup;
			children = (
				7BDBF7E724843F2100542F86 /* Preview Assets.xcassets */,
			);
			path = "Preview Content";
			sourceTree = "<group>";
		};
/* End PBXGroup section */

/* Begin PBXNativeTarget section */
		7BDBF7D724843F1E00542F86 /* StackOverflowAnswer */ = {
			isa = PBXNativeTarget;
			buildConfigurationList = 7BDBF7EF24843F2100542F86 /* Build configuration list for PBXNativeTarget "StackOverflowAnswer" */;
			buildPhases = (
				7BDBF7D424843F1E00542F86 /* Sources */,
				7BDBF7D524843F1E00542F86 /* Frameworks */,
				7BDBF7D624843F1E00542F86 /* Resources */,
			);
			buildRules = (
			);
			dependencies = (
			);
			name = StackOverflowAnswer;
			productName = StackOverflowAnswer;
			productReference = 7BDBF7D824843F1E00542F86 /* StackOverflowAnswer.app */;
			productType = "com.apple.product-type.application";
		};
/* End PBXNativeTarget section */

/* Begin PBXProject section */
		7BDBF7D024843F1E00542F86 /* Project object */ = {
			isa = PBXProject;
			attributes = {
				LastSwiftUpdateCheck = 1150;
				LastUpgradeCheck = 1150;
				ORGANIZATIONNAME = "Mark Lucking";
				TargetAttributes = {
					7BDBF7D724843F1E00542F86 = {
						CreatedOnToolsVersion = 11.5;
					};
				};
			};
			buildConfigurationList = 7BDBF7D324843F1E00542F86 /* Build configuration list for PBXProject "StackOverflowAnswer" */;
			compatibilityVersion = "Xcode 9.3";
			developmentRegion = en;
			hasScannedForEncodings = 0;
			knownRegions = (
				en,
				Base,
			);
			mainGroup = 7BDBF7CF24843F1E00542F86;
			productRefGroup = 7BDBF7D924843F1E00542F86 /* Products */;
			projectDirPath = "";
			projectRoot = "";
			targets = (
				7BDBF7D724843F1E00542F86 /* StackOverflowAnswer */,
			);
		};
/* End PBXProject section */

/* Begin PBXResourcesBuildPhase section */
		7BDBF7D624843F1E00542F86 /* Resources */ = {
			isa = PBXResourcesBuildPhase;
			buildActionMask = 2147483647;
			files = (
				7BDBF7EB24843F2100542F86 /* LaunchScreen.storyboard in Resources */,
				7BDBF7E824843F2100542F86 /* Preview Assets.xcassets in Resources */,
				7BDBF7E524843F2100542F86 /* Assets.xcassets in Resources */,
			);
			runOnlyForDeploymentPostprocessing = 0;
		};
/* End PBXResourcesBuildPhase section */

/* Begin PBXSourcesBuildPhase section */
		7BDBF7D424843F1E00542F86 /* Sources */ = {
			isa = PBXSourcesBuildPhase;
			buildActionMask = 2147483647;
			files = (
				7BDBF7F32484FB0500542F86 /* ViewController.swift in Sources */,
				7BDBF7DC24843F1E00542F86 /* AppDelegate.swift in Sources */,
				7BDBF7E124843F1E00542F86 /* StackOverflowAnswer.xcdatamodeld in Sources */,
				7BDBF7E324843F1E00542F86 /* ContentView.swift in Sources */,
				7BDBF7DE24843F1E00542F86 /* SceneDelegate.swift in Sources */,
			);
			runOnlyForDeploymentPostprocessing = 0;
		};
/* End PBXSourcesBuildPhase section */

/* Begin PBXVariantGroup section */
		7BDBF7E924843F2100542F86 /* LaunchScreen.storyboard */ = {
			isa = PBXVariantGroup;
			children = (
				7BDBF7EA24843F2100542F86 /* Base */,
			);
			name = LaunchScreen.storyboard;
			sourceTree = "<group>";
		};
/* End PBXVariantGroup section */

/* Begin XCBuildConfiguration section */
		7BDBF7ED24843F2100542F86 /* Debug */ = {
			isa = XCBuildConfiguration;
			buildSettings = {
				ALWAYS_SEARCH_USER_PATHS = NO;
				CLANG_ANALYZER_NONNULL = YES;
				CLANG_ANALYZER_NUMBER_OBJECT_CONVERSION = YES_AGGRESSIVE;
				CLANG_CXX_LANGUAGE_STANDARD = "gnu++14";
				CLANG_CXX_LIBRARY = "libc++";
				CLANG_ENABLE_MODULES = YES;
				CLANG_ENABLE_OBJC_ARC = YES;
				CLANG_ENABLE_OBJC_WEAK = YES;
				CLANG_WARN_BLOCK_CAPTURE_AUTORELEASING = YES;
				CLANG_WARN_BOOL_CONVERSION = YES;
				CLANG_WARN_COMMA = YES;
				CLANG_WARN_CONSTANT_CONVERSION = YES;
				CLANG_WARN_DEPRECATED_OBJC_IMPLEMENTATIONS = YES;
				CLANG_WARN_DIRECT_OBJC_ISA_USAGE = YES_ERROR;
				CLANG_WARN_DOCUMENTATION_COMMENTS = YES;
				CLANG_WARN_EMPTY_BODY = YES;
				CLANG_WARN_ENUM_CONVERSION = YES;
				CLANG_WARN_INFINITE_RECURSION = YES;
				CLANG_WARN_INT_CONVERSION = YES;
				CLANG_WARN_NON_LITERAL_NULL_CONVERSION = YES;
				CLANG_WARN_OBJC_IMPLICIT_RETAIN_SELF = YES;
				CLANG_WARN_OBJC_LITERAL_CONVERSION = YES;
				CLANG_WARN_OBJC_ROOT_CLASS = YES_ERROR;
				CLANG_WARN_RANGE_LOOP_ANALYSIS = YES;
				CLANG_WARN_STRICT_PROTOTYPES = YES;
				CLANG_WARN_SUSPICIOUS_MOVE = YES;
				CLANG_WARN_UNGUARDED_AVAILABILITY = YES_AGGRESSIVE;
				CLANG_WARN_UNREACHABLE_CODE = YES;
				CLANG_WARN__DUPLICATE_METHOD_MATCH = YES;
				COPY_PHASE_STRIP = NO;
				DEBUG_INFORMATION_FORMAT = dwarf;
				ENABLE_STRICT_OBJC_MSGSEND = YES;
				ENABLE_TESTABILITY = YES;
				GCC_C_LANGUAGE_STANDARD = gnu11;
				GCC_DYNAMIC_NO_PIC = NO;
				GCC_NO_COMMON_BLOCKS = YES;
				GCC_OPTIMIZATION_LEVEL = 0;
				GCC_PREPROCESSOR_DEFINITIONS = (
					"DEBUG=1",
					"$(inherited)",
				);
				GCC_WARN_64_TO_32_BIT_CONVERSION = YES;
				GCC_WARN_ABOUT_RETURN_TYPE = YES_ERROR;
				GCC_WARN_UNDECLARED_SELECTOR = YES;
				GCC_WARN_UNINITIALIZED_AUTOS = YES_AGGRESSIVE;
				GCC_WARN_UNUSED_FUNCTION = YES;
				GCC_WARN_UNUSED_VARIABLE = YES;
				IPHONEOS_DEPLOYMENT_TARGET = 13.5;
				MTL_ENABLE_DEBUG_INFO = INCLUDE_SOURCE;
				MTL_FAST_MATH = YES;
				ONLY_ACTIVE_ARCH = YES;
				SDKROOT = iphoneos;
				SWIFT_ACTIVE_COMPILATION_CONDITIONS = DEBUG;
				SWIFT_OPTIMIZATION_LEVEL = "-Onone";
			};
			name = Debug;
		};
		7BDBF7EE24843F2100542F86 /* Release */ = {
			isa = XCBuildConfiguration;
			buildSettings = {
				ALWAYS_SEARCH_USER_PATHS = NO;
				CLANG_ANALYZER_NONNULL = YES;
				CLANG_ANALYZER_NUMBER_OBJECT_CONVERSION = YES_AGGRESSIVE;
				CLANG_CXX_LANGUAGE_STANDARD = "gnu++14";
				CLANG_CXX_LIBRARY = "libc++";
				CLANG_ENABLE_MODULES = YES;
				CLANG_ENABLE_OBJC_ARC = YES;
				CLANG_ENABLE_OBJC_WEAK = YES;
				CLANG_WARN_BLOCK_CAPTURE_AUTORELEASING = YES;
				CLANG_WARN_BOOL_CONVERSION = YES;
				CLANG_WARN_COMMA = YES;
				CLANG_WARN_CONSTANT_CONVERSION = YES;
				CLANG_WARN_DEPRECATED_OBJC_IMPLEMENTATIONS = YES;
				CLANG_WARN_DIRECT_OBJC_ISA_USAGE = YES_ERROR;
				CLANG_WARN_DOCUMENTATION_COMMENTS = YES;
				CLANG_WARN_EMPTY_BODY = YES;
				CLANG_WARN_ENUM_CONVERSION = YES;
				CLANG_WARN_INFINITE_RECURSION = YES;
				CLANG_WARN_INT_CONVERSION = YES;
				CLANG_WARN_NON_LITERAL_NULL_CONVERSION = YES;
				CLANG_WARN_OBJC_IMPLICIT_RETAIN_SELF = YES;
				CLANG_WARN_OBJC_LITERAL_CONVERSION = YES;
				CLANG_WARN_OBJC_ROOT_CLASS = YES_ERROR;
				CLANG_WARN_RANGE_LOOP_ANALYSIS = YES;
				CLANG_WARN_STRICT_PROTOTYPES = YES;
				CLANG_WARN_SUSPICIOUS_MOVE = YES;
				CLANG_WARN_UNGUARDED_AVAILABILITY = YES_AGGRESSIVE;
				CLANG_WARN_UNREACHABLE_CODE = YES;
				CLANG_WARN__DUPLICATE_METHOD_MATCH = YES;
				COPY_PHASE_STRIP = NO;
				DEBUG_INFORMATION_FORMAT = "dwarf-with-dsym";
				ENABLE_NS_ASSERTIONS = NO;
				ENABLE_STRICT_OBJC_MSGSEND = YES;
				GCC_C_LANGUAGE_STANDARD = gnu11;
				GCC_NO_COMMON_BLOCKS = YES;
				GCC_WARN_64_TO_32_BIT_CONVERSION = YES;
				GCC_WARN_ABOUT_RETURN_TYPE = YES_ERROR;
				GCC_WARN_UNDECLARED_SELECTOR = YES;
				GCC_WARN_UNINITIALIZED_AUTOS = YES_AGGRESSIVE;
				GCC_WARN_UNUSED_FUNCTION = YES;
				GCC_WARN_UNUSED_VARIABLE = YES;
				IPHONEOS_DEPLOYMENT_TARGET = 13.5;
				MTL_ENABLE_DEBUG_INFO = NO;
				MTL_FAST_MATH = YES;
				SDKROOT = iphoneos;
				SWIFT_COMPILATION_MODE = wholemodule;
				SWIFT_OPTIMIZATION_LEVEL = "-O";
				VALIDATE_PRODUCT = YES;
			};
			name = Release;
		};
		7BDBF7F024843F2100542F86 /* Debug */ = {
			isa = XCBuildConfiguration;
			buildSettings = {
				ASSETCATALOG_COMPILER_APPICON_NAME = AppIcon;
				CODE_SIGN_STYLE = Automatic;
				DEVELOPMENT_ASSET_PATHS = "\"StackOverflowAnswer/Preview Content\"";
				DEVELOPMENT_TEAM = CWGS87U262;
				ENABLE_PREVIEWS = YES;
				INFOPLIST_FILE = StackOverflowAnswer/Info.plist;
				LD_RUNPATH_SEARCH_PATHS = (
					"$(inherited)",
					"@executable_path/Frameworks",
				);
				PRODUCT_BUNDLE_IDENTIFIER = ch.cqd.StackOverflowAnswer;
				PRODUCT_NAME = "$(TARGET_NAME)";
				SWIFT_VERSION = 5.0;
				TARGETED_DEVICE_FAMILY = "1,2";
			};
			name = Debug;
		};
		7BDBF7F124843F2100542F86 /* Release */ = {
			isa = XCBuildConfiguration;
			buildSettings = {
				ASSETCATALOG_COMPILER_APPICON_NAME = AppIcon;
				CODE_SIGN_STYLE = Automatic;
				DEVELOPMENT_ASSET_PATHS = "\"StackOverflowAnswer/Preview Content\"";
				DEVELOPMENT_TEAM = CWGS87U262;
				ENABLE_PREVIEWS = YES;
				INFOPLIST_FILE = StackOverflowAnswer/Info.plist;
				LD_RUNPATH_SEARCH_PATHS = (
					"$(inherited)",
					"@executable_path/Frameworks",
				);
				PRODUCT_BUNDLE_IDENTIFIER = ch.cqd.StackOverflowAnswer;
				PRODUCT_NAME = "$(TARGET_NAME)";
				SWIFT_VERSION = 5.0;
				TARGETED_DEVICE_FAMILY = "1,2";
			};
			name = Release;
		};
/* End XCBuildConfiguration section */

/* Begin XCConfigurationList section */
		7BDBF7D324843F1E00542F86 /* Build configuration list for PBXProject "StackOverflowAnswer" */ = {
			isa = XCConfigurationList;
			buildConfigurations = (
				7BDBF7ED24843F2100542F86 /* Debug */,
				7BDBF7EE24843F2100542F86 /* Release */,
			);
			defaultConfigurationIsVisible = 0;
			defaultConfigurationName = Release;
		};
		7BDBF7EF24843F2100542F86 /* Build configuration list for PBXNativeTarget "StackOverflowAnswer" */ = {
			isa = XCConfigurationList;
			buildConfigurations = (
				7BDBF7F024843F2100542F86 /* Debug */,
				7BDBF7F124843F2100542F86 /* Release */,
			);
			defaultConfigurationIsVisible = 0;
			defaultConfigurationName = Release;
		};
/* End XCConfigurationList section */

/* Begin XCVersionGroup section */
		7BDBF7DF24843F1E00542F86 /* StackOverflowAnswer.xcdatamodeld */ = {
			isa = XCVersionGroup;
			children = (
				7BDBF7E024843F1E00542F86 /* StackOverflowAnswer.xcdatamodel */,
			);
			currentVersion = 7BDBF7E024843F1E00542F86 /* StackOverflowAnswer.xcdatamodel */;
			path = StackOverflowAnswer.xcdatamodeld;
			sourceTree = "<group>";
			versionGroupType = wrapper.xcdatamodel;
		};
/* End XCVersionGroup section */
	};
	rootObject = 7BDBF7D024843F1E00542F86 /* Project object */;
}
